
Microsoft Visual Studio Solution File, Format Version 12.00
# Visual Studio Version 17
VisualStudioVersion = 17.2.32526.322
MinimumVisualStudioVersion = 10.0.40219.1
Project("{FAE04EC0-301F-11D3-BF4B-00C04F79EFBC}") = "ZombieTabletop", "ZombieTabletop\ZombieTabletop.csproj", "{CA4619BB-5216-4D54-B291-EAEDBE9D357B}"
EndProject
Global
	GlobalSection(SolutionConfigurationPlatforms) = preSolution
		Debug|Any CPU = Debug|Any CPU
		Release|Any CPU = Release|Any CPU
	EndGlobalSection
	GlobalSection(ProjectConfigurationPlatforms) = postSolution
		{CA4619BB-5216-4D54-B291-EAEDBE9D357B}.Debug|Any CPU.ActiveCfg = Debug|Any CPU
		{CA4619BB-5216-4D54-B291-EAEDBE9D357B}.Debug|Any CPU.Build.0 = Debug|Any CPU
		{CA4619BB-5216-4D54-B291-EAEDBE9D357B}.Release|Any CPU.ActiveCfg = Release|Any CPU
		{CA4619BB-5216-4D54-B291-EAEDBE9D357B}.Release|Any CPU.Build.0 = Release|Any CPU
	EndGlobalSection
	GlobalSection(SolutionProperties) = preSolution
		HideSolutionNode = FALSE
	EndGlobalSection
	GlobalSection(ExtensibilityGlobals) = postSolution
		SolutionGuid = {B24EA02C-8086-4DF1-AF92-5C623124CDCC}
	EndGlobalSection
EndGlobal
